
Microsoft Visual Studio Solution File, Format Version 12.00
# Visual Studio 15
VisualStudioVersion = 15.0.28307.106
MinimumVisualStudioVersion = 10.0.40219.1
Project("{9A19103F-16F7-4668-BE54-9A1E7A4F7556}") = "DataManager", "DataManager\DataManager.csproj", "{31678E25-6343-4AB7-BC7B-12E3E97262BF}"
EndProject
Project("{9A19103F-16F7-4668-BE54-9A1E7A4F7556}") = "DataManager.Tests", "DataManager.Tests\DataManager.Tests.csproj", "{E42399F1-06CB-4BC1-858A-8590C6606CF2}"
EndProject
Project("{9A19103F-16F7-4668-BE54-9A1E7A4F7556}") = "UnpaidModels", "UnpaidModels\UnpaidModels.csproj", "{CEC754D5-F26F-4895-B5AF-5FE781A93BAD}"
EndProject
Project("{9A19103F-16F7-4668-BE54-9A1E7A4F7556}") = "Utilities", "Utilities\Utilities.csproj", "{45D63DAA-A326-49A9-AF44-8CA728C4DCA1}"
EndProject
Project("{9A19103F-16F7-4668-BE54-9A1E7A4F7556}") = "Utilities.Tests", "Utilities.Tests\Utilities.Tests.csproj", "{1102D8BD-1D6B-4D2F-9A49-279DDE5D351B}"
EndProject
Project("{9A19103F-16F7-4668-BE54-9A1E7A4F7556}") = "Utilities.IntegrationTests", "Utilities.IntegrationTests\Utilities.IntegrationTests.csproj", "{07D3D6E6-A3CE-4084-BB39-6FA37D0DC7B5}"
EndProject
Project("{9A19103F-16F7-4668-BE54-9A1E7A4F7556}") = "UnpaidManager", "UnpaidManager\UnpaidManager.csproj", "{F3E140F0-74CB-4996-9AC1-78057E454D1A}"
EndProject
Project("{9A19103F-16F7-4668-BE54-9A1E7A4F7556}") = "UnpaidManager.Tests", "UnpaidManager.Tests\UnpaidManager.Tests.csproj", "{BB7E3B3C-1613-4D4E-8413-33D634A11096}"
EndProject
Project("{FAE04EC0-301F-11D3-BF4B-00C04F79EFBC}") = "UnpaidApi", "UnpaidApi\UnpaidApi.csproj", "{06175D4D-18AF-49E1-9CAC-5292A1627122}"
EndProject
Global
	GlobalSection(SolutionConfigurationPlatforms) = preSolution
		Debug|Any CPU = Debug|Any CPU
		Release|Any CPU = Release|Any CPU
	EndGlobalSection
	GlobalSection(ProjectConfigurationPlatforms) = postSolution
		{31678E25-6343-4AB7-BC7B-12E3E97262BF}.Debug|Any CPU.ActiveCfg = Debug|Any CPU
		{31678E25-6343-4AB7-BC7B-12E3E97262BF}.Debug|Any CPU.Build.0 = Debug|Any CPU
		{31678E25-6343-4AB7-BC7B-12E3E97262BF}.Release|Any CPU.ActiveCfg = Release|Any CPU
		{31678E25-6343-4AB7-BC7B-12E3E97262BF}.Release|Any CPU.Build.0 = Release|Any CPU
		{E42399F1-06CB-4BC1-858A-8590C6606CF2}.Debug|Any CPU.ActiveCfg = Debug|Any CPU
		{E42399F1-06CB-4BC1-858A-8590C6606CF2}.Debug|Any CPU.Build.0 = Debug|Any CPU
		{E42399F1-06CB-4BC1-858A-8590C6606CF2}.Release|Any CPU.ActiveCfg = Release|Any CPU
		{E42399F1-06CB-4BC1-858A-8590C6606CF2}.Release|Any CPU.Build.0 = Release|Any CPU
		{CEC754D5-F26F-4895-B5AF-5FE781A93BAD}.Debug|Any CPU.ActiveCfg = Debug|Any CPU
		{CEC754D5-F26F-4895-B5AF-5FE781A93BAD}.Debug|Any CPU.Build.0 = Debug|Any CPU
		{CEC754D5-F26F-4895-B5AF-5FE781A93BAD}.Release|Any CPU.ActiveCfg = Release|Any CPU
		{CEC754D5-F26F-4895-B5AF-5FE781A93BAD}.Release|Any CPU.Build.0 = Release|Any CPU
		{45D63DAA-A326-49A9-AF44-8CA728C4DCA1}.Debug|Any CPU.ActiveCfg = Debug|Any CPU
		{45D63DAA-A326-49A9-AF44-8CA728C4DCA1}.Debug|Any CPU.Build.0 = Debug|Any CPU
		{45D63DAA-A326-49A9-AF44-8CA728C4DCA1}.Release|Any CPU.ActiveCfg = Release|Any CPU
		{45D63DAA-A326-49A9-AF44-8CA728C4DCA1}.Release|Any CPU.Build.0 = Release|Any CPU
		{1102D8BD-1D6B-4D2F-9A49-279DDE5D351B}.Debug|Any CPU.ActiveCfg = Debug|Any CPU
		{1102D8BD-1D6B-4D2F-9A49-279DDE5D351B}.Debug|Any CPU.Build.0 = Debug|Any CPU
		{1102D8BD-1D6B-4D2F-9A49-279DDE5D351B}.Release|Any CPU.ActiveCfg = Release|Any CPU
		{1102D8BD-1D6B-4D2F-9A49-279DDE5D351B}.Release|Any CPU.Build.0 = Release|Any CPU
		{07D3D6E6-A3CE-4084-BB39-6FA37D0DC7B5}.Debug|Any CPU.ActiveCfg = Debug|Any CPU
		{07D3D6E6-A3CE-4084-BB39-6FA37D0DC7B5}.Debug|Any CPU.Build.0 = Debug|Any CPU
		{07D3D6E6-A3CE-4084-BB39-6FA37D0DC7B5}.Release|Any CPU.ActiveCfg = Release|Any CPU
		{07D3D6E6-A3CE-4084-BB39-6FA37D0DC7B5}.Release|Any CPU.Build.0 = Release|Any CPU
		{F3E140F0-74CB-4996-9AC1-78057E454D1A}.Debug|Any CPU.ActiveCfg = Debug|Any CPU
		{F3E140F0-74CB-4996-9AC1-78057E454D1A}.Debug|Any CPU.Build.0 = Debug|Any CPU
		{F3E140F0-74CB-4996-9AC1-78057E454D1A}.Release|Any CPU.ActiveCfg = Release|Any CPU
		{F3E140F0-74CB-4996-9AC1-78057E454D1A}.Release|Any CPU.Build.0 = Release|Any CPU
		{BB7E3B3C-1613-4D4E-8413-33D634A11096}.Debug|Any CPU.ActiveCfg = Debug|Any CPU
		{BB7E3B3C-1613-4D4E-8413-33D634A11096}.Debug|Any CPU.Build.0 = Debug|Any CPU
		{BB7E3B3C-1613-4D4E-8413-33D634A11096}.Release|Any CPU.ActiveCfg = Release|Any CPU
		{BB7E3B3C-1613-4D4E-8413-33D634A11096}.Release|Any CPU.Build.0 = Release|Any CPU
		{06175D4D-18AF-49E1-9CAC-5292A1627122}.Debug|Any CPU.ActiveCfg = Debug|Any CPU
		{06175D4D-18AF-49E1-9CAC-5292A1627122}.Debug|Any CPU.Build.0 = Debug|Any CPU
		{06175D4D-18AF-49E1-9CAC-5292A1627122}.Release|Any CPU.ActiveCfg = Release|Any CPU
		{06175D4D-18AF-49E1-9CAC-5292A1627122}.Release|Any CPU.Build.0 = Release|Any CPU
	EndGlobalSection
	GlobalSection(SolutionProperties) = preSolution
		HideSolutionNode = FALSE
	EndGlobalSection
	GlobalSection(ExtensibilityGlobals) = postSolution
		SolutionGuid = {86C977FB-BA64-43DC-BCBB-4943542C1FCC}
	EndGlobalSection
EndGlobal
